Microsoft Visual Studio Solution File, Format Version 12.00
# Visual Studio Version 17
VisualStudioVersion = 17.5.2.0
MinimumVisualStudioVersion = 10.0.40219.1
Project("{FAE04EC0-301F-11D3-BF4B-00C04F79EFBC}") = "MekatrolCAM", "MekatrolCAM\MekatrolCAM.csproj", "{1742CE80-87BB-8B9E-A9DC-4767550AC07F}"
EndProject
Project("{2150E333-8FDC-42A3-9474-1A3956D46DE8}") = "Solution Items", "Solution Items", "{8EC462FD-D22E-90A8-E5CE-7E832BA40C5D}"
	ProjectSection(SolutionItems) = preProject
		.editorconfig = .editorconfig
		.gitignore = .gitignore
		readme.md = readme.md
	EndProjectSection
EndProject
Project("{FAE04EC0-301F-11D3-BF4B-00C04F79EFBC}") = "Mekatrol.CAM.Core", "Mekatrol.CAM.Core\Mekatrol.CAM.Core.csproj", "{31C99000-DD04-49E1-93E7-FDB241318487}"
EndProject
Global
	GlobalSection(SolutionConfigurationPlatforms) = preSolution
		Debug|Any CPU = Debug|Any CPU
		Release|Any CPU = Release|Any CPU
	EndGlobalSection
	GlobalSection(ProjectConfigurationPlatforms) = postSolution
		{1742CE80-87BB-8B9E-A9DC-4767550AC07F}.Debug|Any CPU.ActiveCfg = Debug|Any CPU
		{1742CE80-87BB-8B9E-A9DC-4767550AC07F}.Debug|Any CPU.Build.0 = Debug|Any CPU
		{1742CE80-87BB-8B9E-A9DC-4767550AC07F}.Release|Any CPU.ActiveCfg = Release|Any CPU
		{1742CE80-87BB-8B9E-A9DC-4767550AC07F}.Release|Any CPU.Build.0 = Release|Any CPU
		{31C99000-DD04-49E1-93E7-FDB241318487}.Debug|Any CPU.ActiveCfg = Debug|Any CPU
		{31C99000-DD04-49E1-93E7-FDB241318487}.Debug|Any CPU.Build.0 = Debug|Any CPU
		{31C99000-DD04-49E1-93E7-FDB241318487}.Release|Any CPU.ActiveCfg = Release|Any CPU
		{31C99000-DD04-49E1-93E7-FDB241318487}.Release|Any CPU.Build.0 = Release|Any CPU
	EndGlobalSection
	GlobalSection(SolutionProperties) = preSolution
		HideSolutionNode = FALSE
	EndGlobalSection
	GlobalSection(ExtensibilityGlobals) = postSolution
		SolutionGuid = {1EE1E35B-AE1B-4D33-8F1F-167AF0A447DD}
	EndGlobalSection
EndGlobal
